
Microsoft Visual Studio Solution File, Format Version 12.00
Project("{FAE04EC0-301F-11D3-BF4B-00C04F79EFBC}") = "APBD_REST_API", "APBD_REST_API\APBD_REST_API.csproj", "{77195B2C-6DA3-46D3-86A9-ECF7A034E567}"
EndProject
Global
	GlobalSection(SolutionConfigurationPlatforms) = preSolution
		Debug|Any CPU = Debug|Any CPU
		Release|Any CPU = Release|Any CPU
	EndGlobalSection
	GlobalSection(ProjectConfigurationPlatforms) = postSolution
		{77195B2C-6DA3-46D3-86A9-ECF7A034E567}.Debug|Any CPU.ActiveCfg = Debug|Any CPU
		{77195B2C-6DA3-46D3-86A9-ECF7A034E567}.Debug|Any CPU.Build.0 = Debug|Any CPU
		{77195B2C-6DA3-46D3-86A9-ECF7A034E567}.Release|Any CPU.ActiveCfg = Release|Any CPU
		{77195B2C-6DA3-46D3-86A9-ECF7A034E567}.Release|Any CPU.Build.0 = Release|Any CPU
	EndGlobalSection
EndGlobal
